
Microsoft Visual Studio Solution File, Format Version 12.00
# Visual Studio 15
VisualStudioVersion = 15.0.27004.2010
MinimumVisualStudioVersion = 10.0.40219.1
Project("{FAE04EC0-301F-11D3-BF4B-00C04F79EFBC}") = "Serilog.Sinks.TimeWarp", "Serilog.Sinks.TimeWarp\Serilog.Sinks.TimeWarp.csproj", "{F9F0DA63-AE8C-456C-B0D2-64C53A356006}"
EndProject
Global
	GlobalSection(SolutionConfigurationPlatforms) = preSolution
		Debug|Any CPU = Debug|Any CPU
		Release|Any CPU = Release|Any CPU
	EndGlobalSection
	GlobalSection(ProjectConfigurationPlatforms) = postSolution
		{F9F0DA63-AE8C-456C-B0D2-64C53A356006}.Debug|Any CPU.ActiveCfg = Debug|Any CPU
		{F9F0DA63-AE8C-456C-B0D2-64C53A356006}.Debug|Any CPU.Build.0 = Debug|Any CPU
		{F9F0DA63-AE8C-456C-B0D2-64C53A356006}.Release|Any CPU.ActiveCfg = Release|Any CPU
		{F9F0DA63-AE8C-456C-B0D2-64C53A356006}.Release|Any CPU.Build.0 = Release|Any CPU
	EndGlobalSection
	GlobalSection(SolutionProperties) = preSolution
		HideSolutionNode = FALSE
	EndGlobalSection
	GlobalSection(ExtensibilityGlobals) = postSolution
		SolutionGuid = {C33ED857-447D-4ED6-9B5E-59058980EE0C}
	EndGlobalSection
EndGlobal
